// !$*UTF8*$!
{
	archiveVersion = 1;
	classes = {
	};
	objectVersion = 46;
	objects = {

/* Begin PBXBuildFile section */
		4682BE9A1CCBBB9000D7C00F /* main.m in Sources */ = {isa = PBXBuildFile; fileRef = 4682BE991CCBBB9000D7C00F /* main.m */; };
		4682BE9D1CCBBB9000D7C00F /* AppDelegate.m in Sources */ = {isa = PBXBuildFile; fileRef = 4682BE9C1CCBBB9000D7C00F /* AppDelegate.m */; };
		4682BEA01CCBBB9000D7C00F /* ViewController.m in Sources */ = {isa = PBXBuildFile; fileRef = 4682BE9F1CCBBB9000D7C00F /* ViewController.m */; };
		4682BEA31CCBBB9000D7C00F /* Main.storyboard in Resources */ = {isa = PBXBuildFile; fileRef = 4682BEA11CCBBB9000D7C00F /* Main.storyboard */; };
		4682BEA51CCBBB9000D7C00F /* Assets.xcassets in Resources */ = {isa = PBXBuildFile; fileRef = 4682BEA41CCBBB9000D7C00F /* Assets.xcassets */; };
		4682BEA81CCBBB9000D7C00F /* LaunchScreen.storyboard in Resources */ = {isa = PBXBuildFile; fileRef = 4682BEA61CCBBB9000D7C00F /* LaunchScreen.storyboard */; };
		4682BEB21CCBBCB900D7C00F /* icon-book.png in Resources */ = {isa = PBXBuildFile; fileRef = 4682BEAF1CCBBCB900D7C00F /* icon-book.png */; };
		4682BEB31CCBBCB900D7C00F /* icon-chart.png in Resources */ = {isa = PBXBuildFile; fileRef = 4682BEB01CCBBCB900D7C00F /* icon-chart.png */; };
		4682BEB41CCBBCB900D7C00F /* icon-moon.png in Resources */ = {isa = PBXBuildFile; fileRef = 4682BEB11CCBBCB900D7C00F /* icon-moon.png */; };
		4682BEC71CCBC93000D7C00F /* MoonViewController.m in Sources */ = {isa = PBXBuildFile; fileRef = 4682BEC51CCBC93000D7C00F /* MoonViewController.m */; };
		4682BEC81CCBC93000D7C00F /* MoonViewController.xib in Resources */ = {isa = PBXBuildFile; fileRef = 4682BEC61CCBC93000D7C00F /* MoonViewController.xib */; };
		4682BECC1CCBCAD200D7C00F /* StoryPickerViewController.m in Sources */ = {isa = PBXBuildFile; fileRef = 4682BECA1CCBCAD200D7C00F /* StoryPickerViewController.m */; };
		4682BECD1CCBCAD200D7C00F /* StoryPickerViewController.xib in Resources */ = {isa = PBXBuildFile; fileRef = 4682BECB1CCBCAD200D7C00F /* StoryPickerViewController.xib */; };
		4682BED11CCBDDA200D7C00F /* StoryViewController.m in Sources */ = {isa = PBXBuildFile; fileRef = 4682BECF1CCBDDA200D7C00F /* StoryViewController.m */; };
		4682BED21CCBDDA200D7C00F /* StoryViewController.xib in Resources */ = {isa = PBXBuildFile; fileRef = 4682BED01CCBDDA200D7C00F /* StoryViewController.xib */; };
		4682BED41CCBF4BC00D7C00F /* story-armstrong.html in Resources */ = {isa = PBXBuildFile; fileRef = 4682BED31CCBF4BC00D7C00F /* story-armstrong.html */; };
		4682BED61CCBF50200D7C00F /* neil-armstrong-hero-AB.jpeg in Resources */ = {isa = PBXBuildFile; fileRef = 4682BED51CCBF50200D7C00F /* neil-armstrong-hero-AB.jpeg */; };
		4682BED81CCBF7BB00D7C00F /* blank.html in Resources */ = {isa = PBXBuildFile; fileRef = 4682BED71CCBF7BB00D7C00F /* blank.html */; };
		4682BEDA1CCBF94600D7C00F /* icon-dish.png in Resources */ = {isa = PBXBuildFile; fileRef = 4682BED91CCBF94600D7C00F /* icon-dish.png */; };
/* End PBXBuildFile section */

/* Begin PBXFileReference section */
		4682BE951CCBBB9000D7C00F /* lune.app */ = {isa = PBXFileReference; explicitFileType = wrapper.application; includeInIndex = 0; path = lune.app; sourceTree = BUILT_PRODUCTS_DIR; };
		4682BE991CCBBB9000D7C00F /* main.m */ = {isa = PBXFileReference; lastKnownFileType = sourcecode.c.objc; path = main.m; sourceTree = "<group>"; };
		4682BE9B1CCBBB9000D7C00F /* AppDelegate.h */ = {isa = PBXFileReference; lastKnownFileType = sourcecode.c.h; path = AppDelegate.h; sourceTree = "<group>"; };
		4682BE9C1CCBBB9000D7C00F /* AppDelegate.m */ = {isa = PBXFileReference; lastKnownFileType = sourcecode.c.objc; path = AppDelegate.m; sourceTree = "<group>"; };
		4682BE9E1CCBBB9000D7C00F /* ViewController.h */ = {isa = PBXFileReference; lastKnownFileType = sourcecode.c.h; path = ViewController.h; sourceTree = "<group>"; };
		4682BE9F1CCBBB9000D7C00F /* ViewController.m */ = {isa = PBXFileReference; lastKnownFileType = sourcecode.c.objc; path = ViewController.m; sourceTree = "<group>"; };
		4682BEA21CCBBB9000D7C00F /* Base */ = {isa = PBXFileReference; lastKnownFileType = file.storyboard; name = Base; path = Base.lproj/Main.storyboard; sourceTree = "<group>"; };
		4682BEA41CCBBB9000D7C00F /* Assets.xcassets */ = {isa = PBXFileReference; lastKnownFileType = folder.assetcatalog; path = Assets.xcassets; sourceTree = "<group>"; };
		4682BEA71CCBBB9000D7C00F /* Base */ = {isa = PBXFileReference; lastKnownFileType = file.storyboard; name = Base; path = Base.lproj/LaunchScreen.storyboard; sourceTree = "<group>"; };
		4682BEA91CCBBB9000D7C00F /* Info.plist */ = {isa = PBXFileReference; lastKnownFileType = text.plist.xml; path = Info.plist; sourceTree = "<group>"; };
		4682BEAF1CCBBCB900D7C00F /* icon-book.png */ = {isa = PBXFileReference; lastKnownFileType = image.png; path = "icon-book.png"; sourceTree = "<group>"; };
		4682BEB01CCBBCB900D7C00F /* icon-chart.png */ = {isa = PBXFileReference; lastKnownFileType = image.png; path = "icon-chart.png"; sourceTree = "<group>"; };
		4682BEB11CCBBCB900D7C00F /* icon-moon.png */ = {isa = PBXFileReference; lastKnownFileType = image.png; path = "icon-moon.png"; sourceTree = "<group>"; };
		4682BEC41CCBC93000D7C00F /* MoonViewController.h */ = {isa = PBXFileReference; fileEncoding = 4; lastKnownFileType = sourcecode.c.h; path = MoonViewController.h; sourceTree = "<group>"; };
		4682BEC51CCBC93000D7C00F /* MoonViewController.m */ = {isa = PBXFileReference; fileEncoding = 4; lastKnownFileType = sourcecode.c.objc; path = MoonViewController.m; sourceTree = "<group>"; };
		4682BEC61CCBC93000D7C00F /* MoonViewController.xib */ = {isa = PBXFileReference; fileEncoding = 4; lastKnownFileType = file.xib; path = MoonViewController.xib; sourceTree = "<group>"; };
		4682BEC91CCBCAD200D7C00F /* StoryPickerViewController.h */ = {isa = PBXFileReference; fileEncoding = 4; lastKnownFileType = sourcecode.c.h; path = StoryPickerViewController.h; sourceTree = "<group>"; };
		4682BECA1CCBCAD200D7C00F /* StoryPickerViewController.m */ = {isa = PBXFileReference; fileEncoding = 4; lastKnownFileType = sourcecode.c.objc; path = StoryPickerViewController.m; sourceTree = "<group>"; };
		4682BECB1CCBCAD200D7C00F /* StoryPickerViewController.xib */ = {isa = PBXFileReference; fileEncoding = 4; lastKnownFileType = file.xib; path = StoryPickerViewController.xib; sourceTree = "<group>"; };
		4682BECE1CCBDDA200D7C00F /* StoryViewController.h */ = {isa = PBXFileReference; fileEncoding = 4; lastKnownFileType = sourcecode.c.h; path = StoryViewController.h; sourceTree = "<group>"; };
		4682BECF1CCBDDA200D7C00F /* StoryViewController.m */ = {isa = PBXFileReference; fileEncoding = 4; lastKnownFileType = sourcecode.c.objc; path = StoryViewController.m; sourceTree = "<group>"; };
		4682BED01CCBDDA200D7C00F /* StoryViewController.xib */ = {isa = PBXFileReference; fileEncoding = 4; lastKnownFileType = file.xib; path = StoryViewController.xib; sourceTree = "<group>"; };
		4682BED31CCBF4BC00D7C00F /* story-armstrong.html */ = {isa = PBXFileReference; fileEncoding = 4; lastKnownFileType = text.html; path = "story-armstrong.html"; sourceTree = "<group>"; };
		4682BED51CCBF50200D7C00F /* neil-armstrong-hero-AB.jpeg */ = {isa = PBXFileReference; lastKnownFileType = image.jpeg; path = "neil-armstrong-hero-AB.jpeg"; sourceTree = "<group>"; };
		4682BED71CCBF7BB00D7C00F /* blank.html */ = {isa = PBXFileReference; fileEncoding = 4; lastKnownFileType = text.html; path = blank.html; sourceTree = "<group>"; };
		4682BED91CCBF94600D7C00F /* icon-dish.png */ = {isa = PBXFileReference; lastKnownFileType = image.png; path = "icon-dish.png"; sourceTree = "<group>"; };
/* End PBXFileReference section */

/* Begin PBXFrameworksBuildPhase section */
		4682BE921CCBBB9000D7C00F /* Frameworks */ = {
			isa = PBXFrameworksBuildPhase;
			buildActionMask = 2147483647;
			files = (
			);
			runOnlyForDeploymentPostprocessing = 0;
		};
/* End PBXFrameworksBuildPhase section */

/* Begin PBXGroup section */
		4682BE8C1CCBBB9000D7C00F = {
			isa = PBXGroup;
			children = (
				4682BE971CCBBB9000D7C00F /* lune */,
				4682BE961CCBBB9000D7C00F /* Products */,
			);
			sourceTree = "<group>";
		};
		4682BE961CCBBB9000D7C00F /* Products */ = {
			isa = PBXGroup;
			children = (
				4682BE951CCBBB9000D7C00F /* lune.app */,
			);
			name = Products;
			sourceTree = "<group>";
		};
		4682BE971CCBBB9000D7C00F /* lune */ = {
			isa = PBXGroup;
			children = (
				4682BED91CCBF94600D7C00F /* icon-dish.png */,
				4682BED51CCBF50200D7C00F /* neil-armstrong-hero-AB.jpeg */,
				4682BEAF1CCBBCB900D7C00F /* icon-book.png */,
				4682BEB01CCBBCB900D7C00F /* icon-chart.png */,
				4682BEB11CCBBCB900D7C00F /* icon-moon.png */,
				4682BE9B1CCBBB9000D7C00F /* AppDelegate.h */,
				4682BE9C1CCBBB9000D7C00F /* AppDelegate.m */,
				4682BE9E1CCBBB9000D7C00F /* ViewController.h */,
				4682BE9F1CCBBB9000D7C00F /* ViewController.m */,
				4682BEA11CCBBB9000D7C00F /* Main.storyboard */,
				4682BEA41CCBBB9000D7C00F /* Assets.xcassets */,
				4682BEA61CCBBB9000D7C00F /* LaunchScreen.storyboard */,
				4682BEA91CCBBB9000D7C00F /* Info.plist */,
				4682BE981CCBBB9000D7C00F /* Supporting Files */,
				4682BEC41CCBC93000D7C00F /* MoonViewController.h */,
				4682BEC51CCBC93000D7C00F /* MoonViewController.m */,
				4682BEC61CCBC93000D7C00F /* MoonViewController.xib */,
				4682BEC91CCBCAD200D7C00F /* StoryPickerViewController.h */,
				4682BECA1CCBCAD200D7C00F /* StoryPickerViewController.m */,
				4682BECB1CCBCAD200D7C00F /* StoryPickerViewController.xib */,
				4682BECE1CCBDDA200D7C00F /* StoryViewController.h */,
				4682BECF1CCBDDA200D7C00F /* StoryViewController.m */,
				4682BED01CCBDDA200D7C00F /* StoryViewController.xib */,
				4682BED31CCBF4BC00D7C00F /* story-armstrong.html */,
				4682BED71CCBF7BB00D7C00F /* blank.html */,
			);
			path = lune;
			sourceTree = "<group>";
		};
		4682BE981CCBBB9000D7C00F /* Supporting Files */ = {
			isa = PBXGroup;
			children = (
				4682BE991CCBBB9000D7C00F /* main.m */,
			);
			name = "Supporting Files";
			sourceTree = "<group>";
		};
/* End PBXGroup section */

/* Begin PBXNativeTarget section */
		4682BE941CCBBB9000D7C00F /* lune */ = {
			isa = PBXNativeTarget;
			buildConfigurationList = 4682BEAC1CCBBB9000D7C00F /* Build configuration list for PBXNativeTarget "lune" */;
			buildPhases = (
				4682BE911CCBBB9000D7C00F /* Sources */,
				4682BE921CCBBB9000D7C00F /* Frameworks */,
				4682BE931CCBBB9000D7C00F /* Resources */,
			);
			buildRules = (
			);
			dependencies = (
			);
			name = lune;
			productName = lune;
			productReference = 4682BE951CCBBB9000D7C00F /* lune.app */;
			productType = "com.apple.product-type.application";
		};
/* End PBXNativeTarget section */

/* Begin PBXProject section */
		4682BE8D1CCBBB9000D7C00F /* Project object */ = {
			isa = PBXProject;
			attributes = {
				LastUpgradeCheck = 0730;
				ORGANIZATIONNAME = Thinkamingo;
				TargetAttributes = {
					4682BE941CCBBB9000D7C00F = {
						CreatedOnToolsVersion = 7.3;
						DevelopmentTeam = VU8HEYFGP5;
					};
				};
			};
			buildConfigurationList = 4682BE901CCBBB9000D7C00F /* Build configuration list for PBXProject "lune" */;
			compatibilityVersion = "Xcode 3.2";
			developmentRegion = English;
			hasScannedForEncodings = 0;
			knownRegions = (
				en,
				Base,
			);
			mainGroup = 4682BE8C1CCBBB9000D7C00F;
			productRefGroup = 4682BE961CCBBB9000D7C00F /* Products */;
			projectDirPath = "";
			projectRoot = "";
			targets = (
				4682BE941CCBBB9000D7C00F /* lune */,
			);
		};
/* End PBXProject section */

/* Begin PBXResourcesBuildPhase section */
		4682BE931CCBBB9000D7C00F /* Resources */ = {
			isa = PBXResourcesBuildPhase;
			buildActionMask = 2147483647;
			files = (
				4682BEA81CCBBB9000D7C00F /* LaunchScreen.storyboard in Resources */,
				4682BEC81CCBC93000D7C00F /* MoonViewController.xib in Resources */,
				4682BEB21CCBBCB900D7C00F /* icon-book.png in Resources */,
				4682BEDA1CCBF94600D7C00F /* icon-dish.png in Resources */,
				4682BED61CCBF50200D7C00F /* neil-armstrong-hero-AB.jpeg in Resources */,
				4682BEA51CCBBB9000D7C00F /* Assets.xcassets in Resources */,
				4682BECD1CCBCAD200D7C00F /* StoryPickerViewController.xib in Resources */,
				4682BEB41CCBBCB900D7C00F /* icon-moon.png in Resources */,
				4682BED41CCBF4BC00D7C00F /* story-armstrong.html in Resources */,
				4682BEB31CCBBCB900D7C00F /* icon-chart.png in Resources */,
				4682BED81CCBF7BB00D7C00F /* blank.html in Resources */,
				4682BEA31CCBBB9000D7C00F /* Main.storyboard in Resources */,
				4682BED21CCBDDA200D7C00F /* StoryViewController.xib in Resources */,
			);
			runOnlyForDeploymentPostprocessing = 0;
		};
/* End PBXResourcesBuildPhase section */

/* Begin PBXSourcesBuildPhase section */
		4682BE911CCBBB9000D7C00F /* Sources */ = {
			isa = PBXSourcesBuildPhase;
			buildActionMask = 2147483647;
			files = (
				4682BECC1CCBCAD200D7C00F /* StoryPickerViewController.m in Sources */,
				4682BEA01CCBBB9000D7C00F /* ViewController.m in Sources */,
				4682BED11CCBDDA200D7C00F /* StoryViewController.m in Sources */,
				4682BE9D1CCBBB9000D7C00F /* AppDelegate.m in Sources */,
				4682BE9A1CCBBB9000D7C00F /* main.m in Sources */,
				4682BEC71CCBC93000D7C00F /* MoonViewController.m in Sources */,
			);
			runOnlyForDeploymentPostprocessing = 0;
		};
/* End PBXSourcesBuildPhase section */

/* Begin PBXVariantGroup section */
		4682BEA11CCBBB9000D7C00F /* Main.storyboard */ = {
			isa = PBXVariantGroup;
			children = (
				4682BEA21CCBBB9000D7C00F /* Base */,
			);
			name = Main.storyboard;
			sourceTree = "<group>";
		};
		4682BEA61CCBBB9000D7C00F /* LaunchScreen.storyboard */ = {
			isa = PBXVariantGroup;
			children = (
				4682BEA71CCBBB9000D7C00F /* Base */,
			);
			name = LaunchScreen.storyboard;
			sourceTree = "<group>";
		};
/* End PBXVariantGroup section */

/* Begin XCBuildConfiguration section */
		4682BEAA1CCBBB9000D7C00F /* Debug */ = {
			isa = XCBuildConfiguration;
			buildSettings = {
				ALWAYS_SEARCH_USER_PATHS = NO;
				CLANG_ANALYZER_NONNULL = YES;
				CLANG_CXX_LANGUAGE_STANDARD = "gnu++0x";
				CLANG_CXX_LIBRARY = "libc++";
				CLANG_ENABLE_MODULES = YES;
				CLANG_ENABLE_OBJC_ARC = YES;
				CLANG_WARN_BOOL_CONVERSION = YES;
				CLANG_WARN_CONSTANT_CONVERSION = YES;
				CLANG_WARN_DIRECT_OBJC_ISA_USAGE = YES_ERROR;
				CLANG_WARN_EMPTY_BODY = YES;
				CLANG_WARN_ENUM_CONVERSION = YES;
				CLANG_WARN_INT_CONVERSION = YES;
				CLANG_WARN_OBJC_ROOT_CLASS = YES_ERROR;
				CLANG_WARN_UNREACHABLE_CODE = YES;
				CLANG_WARN__DUPLICATE_METHOD_MATCH = YES;
				"CODE_SIGN_IDENTITY[sdk=iphoneos*]" = "iPhone Developer";
				COPY_PHASE_STRIP = NO;
				DEBUG_INFORMATION_FORMAT = dwarf;
				ENABLE_STRICT_OBJC_MSGSEND = YES;
				ENABLE_TESTABILITY = YES;
				GCC_C_LANGUAGE_STANDARD = gnu99;
				GCC_DYNAMIC_NO_PIC = NO;
				GCC_NO_COMMON_BLOCKS = YES;
				GCC_OPTIMIZATION_LEVEL = 0;
				GCC_PREPROCESSOR_DEFINITIONS = (
					"DEBUG=1",
					"$(inherited)",
				);
				GCC_WARN_64_TO_32_BIT_CONVERSION = YES;
				GCC_WARN_ABOUT_RETURN_TYPE = YES_ERROR;
				GCC_WARN_UNDECLARED_SELECTOR = YES;
				GCC_WARN_UNINITIALIZED_AUTOS = YES_AGGRESSIVE;
				GCC_WARN_UNUSED_FUNCTION = YES;
				GCC_WARN_UNUSED_VARIABLE = YES;
				IPHONEOS_DEPLOYMENT_TARGET = 9.3;
				MTL_ENABLE_DEBUG_INFO = YES;
				ONLY_ACTIVE_ARCH = YES;
				SDKROOT = iphoneos;
				TARGETED_DEVICE_FAMILY = "1,2";
			};
			name = Debug;
		};
		4682BEAB1CCBBB9000D7C00F /* Release */ = {
			isa = XCBuildConfiguration;
			buildSettings = {
				ALWAYS_SEARCH_USER_PATHS = NO;
				CLANG_ANALYZER_NONNULL = YES;
				CLANG_CXX_LANGUAGE_STANDARD = "gnu++0x";
				CLANG_CXX_LIBRARY = "libc++";
				CLANG_ENABLE_MODULES = YES;
				CLANG_ENABLE_OBJC_ARC = YES;
				CLANG_WARN_BOOL_CONVERSION = YES;
				CLANG_WARN_CONSTANT_CONVERSION = YES;
				CLANG_WARN_DIRECT_OBJC_ISA_USAGE = YES_ERROR;
				CLANG_WARN_EMPTY_BODY = YES;
				CLANG_WARN_ENUM_CONVERSION = YES;
				CLANG_WARN_INT_CONVERSION = YES;
				CLANG_WARN_OBJC_ROOT_CLASS = YES_ERROR;
				CLANG_WARN_UNREACHABLE_CODE = YES;
				CLANG_WARN__DUPLICATE_METHOD_MATCH = YES;
				"CODE_SIGN_IDENTITY[sdk=iphoneos*]" = "iPhone Developer";
				COPY_PHASE_STRIP = NO;
				DEBUG_INFORMATION_FORMAT = "dwarf-with-dsym";
				ENABLE_NS_ASSERTIONS = NO;
				ENABLE_STRICT_OBJC_MSGSEND = YES;
				GCC_C_LANGUAGE_STANDARD = gnu99;
				GCC_NO_COMMON_BLOCKS = YES;
				GCC_WARN_64_TO_32_BIT_CONVERSION = YES;
				GCC_WARN_ABOUT_RETURN_TYPE = YES_ERROR;
				GCC_WARN_UNDECLARED_SELECTOR = YES;
				GCC_WARN_UNINITIALIZED_AUTOS = YES_AGGRESSIVE;
				GCC_WARN_UNUSED_FUNCTION = YES;
				GCC_WARN_UNUSED_VARIABLE = YES;
				IPHONEOS_DEPLOYMENT_TARGET = 9.3;
				MTL_ENABLE_DEBUG_INFO = NO;
				SDKROOT = iphoneos;
				TARGETED_DEVICE_FAMILY = "1,2";
				VALIDATE_PRODUCT = YES;
			};
			name = Release;
		};
		4682BEAD1CCBBB9000D7C00F /* Debug */ = {
			isa = XCBuildConfiguration;
			buildSettings = {
				ASSETCATALOG_COMPILER_APPICON_NAME = AppIcon;
				CODE_SIGN_IDENTITY = "iPhone Developer";
				"CODE_SIGN_IDENTITY[sdk=iphoneos*]" = "iPhone Developer";
				INFOPLIST_FILE = lune/Info.plist;
				LD_RUNPATH_SEARCH_PATHS = "$(inherited) @executable_path/Frameworks";
				PRODUCT_BUNDLE_IDENTIFIER = com.thinkamingo.lune;
				PRODUCT_NAME = "$(TARGET_NAME)";
				PROVISIONING_PROFILE = "";
			};
			name = Debug;
		};
		4682BEAE1CCBBB9000D7C00F /* Release */ = {
			isa = XCBuildConfiguration;
			buildSettings = {
				ASSETCATALOG_COMPILER_APPICON_NAME = AppIcon;
				CODE_SIGN_IDENTITY = "iPhone Developer";
				"CODE_SIGN_IDENTITY[sdk=iphoneos*]" = "iPhone Developer";
				INFOPLIST_FILE = lune/Info.plist;
				LD_RUNPATH_SEARCH_PATHS = "$(inherited) @executable_path/Frameworks";
				PRODUCT_BUNDLE_IDENTIFIER = com.thinkamingo.lune;
				PRODUCT_NAME = "$(TARGET_NAME)";
				PROVISIONING_PROFILE = "";
			};
			name = Release;
		};
/* End XCBuildConfiguration section */

/* Begin XCConfigurationList section */
		4682BE901CCBBB9000D7C00F /* Build configuration list for PBXProject "lune" */ = {
			isa = XCConfigurationList;
			buildConfigurations = (
				4682BEAA1CCBBB9000D7C00F /* Debug */,
				4682BEAB1CCBBB9000D7C00F /* Release */,
			);
			defaultConfigurationIsVisible = 0;
			defaultConfigurationName = Release;
		};
		4682BEAC1CCBBB9000D7C00F /* Build configuration list for PBXNativeTarget "lune" */ = {
			isa = XCConfigurationList;
			buildConfigurations = (
				4682BEAD1CCBBB9000D7C00F /* Debug */,
				4682BEAE1CCBBB9000D7C00F /* Release */,
			);
			defaultConfigurationIsVisible = 0;
		};
/* End XCConfigurationList section */
	};
	rootObject = 4682BE8D1CCBBB9000D7C00F /* Project object */;
}
